
Microsoft Visual Studio Solution File, Format Version 12.00
Project("{FAE04EC0-301F-11D3-BF4B-00C04F79EFBC}") = "BasicApplication", "BasicApplication.csproj", "{9EB8BB45-2931-49E5-86DA-77DF5F448F71}"
EndProject
Global
	GlobalSection(SolutionConfigurationPlatforms) = preSolution
		Debug|Any CPU = Debug|Any CPU
		Release|Any CPU = Release|Any CPU
	EndGlobalSection
	GlobalSection(ProjectConfigurationPlatforms) = postSolution
		{9EB8BB45-2931-49E5-86DA-77DF5F448F71}.Debug|Any CPU.ActiveCfg = Debug|Any CPU
		{9EB8BB45-2931-49E5-86DA-77DF5F448F71}.Debug|Any CPU.Build.0 = Debug|Any CPU
		{9EB8BB45-2931-49E5-86DA-77DF5F448F71}.Release|Any CPU.ActiveCfg = Release|Any CPU
		{9EB8BB45-2931-49E5-86DA-77DF5F448F71}.Release|Any CPU.Build.0 = Release|Any CPU
	EndGlobalSection
EndGlobal
